// !$*UTF8*$!
{
	archiveVersion = 1;
	classes = {
	};
	objectVersion = 56;
	objects = {

/* Begin PBXBuildFile section */
		18FFB6893FD822C753460C92 /* Pods_Pix_Flow.framework in Frameworks */ = {isa = PBXBuildFile; fileRef = C698BE1944EC70A5E3566532 /* Pods_Pix_Flow.framework */; };
		6213D46B2A252FCE00CF0D74 /* AppDelegate.swift in Sources */ = {isa = PBXBuildFile; fileRef = 6213D46A2A252FCE00CF0D74 /* AppDelegate.swift */; };
		6213D46D2A252FCE00CF0D74 /* SceneDelegate.swift in Sources */ = {isa = PBXBuildFile; fileRef = 6213D46C2A252FCE00CF0D74 /* SceneDelegate.swift */; };
		6213D46F2A252FCE00CF0D74 /* SearchViewController.swift in Sources */ = {isa = PBXBuildFile; fileRef = 6213D46E2A252FCE00CF0D74 /* SearchViewController.swift */; };
		6213D4722A252FCE00CF0D74 /* Main.storyboard in Resources */ = {isa = PBXBuildFile; fileRef = 6213D4702A252FCE00CF0D74 /* Main.storyboard */; };
		6213D4742A252FCF00CF0D74 /* Assets.xcassets in Resources */ = {isa = PBXBuildFile; fileRef = 6213D4732A252FCF00CF0D74 /* Assets.xcassets */; };
		6213D4772A252FCF00CF0D74 /* LaunchScreen.storyboard in Resources */ = {isa = PBXBuildFile; fileRef = 6213D4752A252FCF00CF0D74 /* LaunchScreen.storyboard */; };
		6213D47F2A2535BA00CF0D74 /* ImageSearcher.swift in Sources */ = {isa = PBXBuildFile; fileRef = 6213D47E2A2535BA00CF0D74 /* ImageSearcher.swift */; };
		62343B102A253D97009D9E6A /* Image Data.swift in Sources */ = {isa = PBXBuildFile; fileRef = 62343B0F2A253D97009D9E6A /* Image Data.swift */; };
		62343B122A27DEE2009D9E6A /* ResultsViewController.swift in Sources */ = {isa = PBXBuildFile; fileRef = 62343B112A27DEE2009D9E6A /* ResultsViewController.swift */; };
		62343B152A292E19009D9E6A /* MyCollectionViewCell.swift in Sources */ = {isa = PBXBuildFile; fileRef = 62343B132A292E19009D9E6A /* MyCollectionViewCell.swift */; };
		62343B162A292E19009D9E6A /* MyCollectionViewCell.xib in Resources */ = {isa = PBXBuildFile; fileRef = 62343B142A292E19009D9E6A /* MyCollectionViewCell.xib */; };
		62343B182A2A7D69009D9E6A /* FullScreenViewController.swift in Sources */ = {isa = PBXBuildFile; fileRef = 62343B172A2A7D69009D9E6A /* FullScreenViewController.swift */; };
		623B69FA2A2E52BA00DB1563 /* README.md in Resources */ = {isa = PBXBuildFile; fileRef = 623B69F92A2E52BA00DB1563 /* README.md */; };
		623B69FC2A2FC07700DB1563 /* Image Model.swift in Sources */ = {isa = PBXBuildFile; fileRef = 623B69FB2A2FC07700DB1563 /* Image Model.swift */; };
/* End PBXBuildFile section */

/* Begin PBXFileReference section */
		2939C87828BC4C18A5F58341 /* Pods-Pix Flow.release.xcconfig */ = {isa = PBXFileReference; includeInIndex = 1; lastKnownFileType = text.xcconfig; name = "Pods-Pix Flow.release.xcconfig"; path = "Target Support Files/Pods-Pix Flow/Pods-Pix Flow.release.xcconfig"; sourceTree = "<group>"; };
		6213D4672A252FCE00CF0D74 /* Pix Flow.app */ = {isa = PBXFileReference; explicitFileType = wrapper.application; includeInIndex = 0; path = "Pix Flow.app"; sourceTree = BUILT_PRODUCTS_DIR; };
		6213D46A2A252FCE00CF0D74 /* AppDelegate.swift */ = {isa = PBXFileReference; lastKnownFileType = sourcecode.swift; path = AppDelegate.swift; sourceTree = "<group>"; };
		6213D46C2A252FCE00CF0D74 /* SceneDelegate.swift */ = {isa = PBXFileReference; lastKnownFileType = sourcecode.swift; path = SceneDelegate.swift; sourceTree = "<group>"; };
		6213D46E2A252FCE00CF0D74 /* SearchViewController.swift */ = {isa = PBXFileReference; lastKnownFileType = sourcecode.swift; path = SearchViewController.swift; sourceTree = "<group>"; };
		6213D4712A252FCE00CF0D74 /* Base */ = {isa = PBXFileReference; lastKnownFileType = file.storyboard; name = Base; path = Base.lproj/Main.storyboard; sourceTree = "<group>"; };
		6213D4732A252FCF00CF0D74 /* Assets.xcassets */ = {isa = PBXFileReference; lastKnownFileType = folder.assetcatalog; path = Assets.xcassets; sourceTree = "<group>"; };
		6213D4762A252FCF00CF0D74 /* Base */ = {isa = PBXFileReference; lastKnownFileType = file.storyboard; name = Base; path = Base.lproj/LaunchScreen.storyboard; sourceTree = "<group>"; };
		6213D4782A252FCF00CF0D74 /* Info.plist */ = {isa = PBXFileReference; lastKnownFileType = text.plist.xml; path = Info.plist; sourceTree = "<group>"; };
		6213D47E2A2535BA00CF0D74 /* ImageSearcher.swift */ = {isa = PBXFileReference; lastKnownFileType = sourcecode.swift; path = ImageSearcher.swift; sourceTree = "<group>"; };
		62343B0F2A253D97009D9E6A /* Image Data.swift */ = {isa = PBXFileReference; lastKnownFileType = sourcecode.swift; path = "Image Data.swift"; sourceTree = "<group>"; };
		62343B112A27DEE2009D9E6A /* ResultsViewController.swift */ = {isa = PBXFileReference; lastKnownFileType = sourcecode.swift; path = ResultsViewController.swift; sourceTree = "<group>"; };
		62343B132A292E19009D9E6A /* MyCollectionViewCell.swift */ = {isa = PBXFileReference; lastKnownFileType = sourcecode.swift; path = MyCollectionViewCell.swift; sourceTree = "<group>"; };
		62343B142A292E19009D9E6A /* MyCollectionViewCell.xib */ = {isa = PBXFileReference; lastKnownFileType = file.xib; path = MyCollectionViewCell.xib; sourceTree = "<group>"; };
		62343B172A2A7D69009D9E6A /* FullScreenViewController.swift */ = {isa = PBXFileReference; lastKnownFileType = sourcecode.swift; path = FullScreenViewController.swift; sourceTree = "<group>"; };
		623B69F92A2E52BA00DB1563 /* README.md */ = {isa = PBXFileReference; fileEncoding = 4; lastKnownFileType = net.daringfireball.markdown; path = README.md; sourceTree = "<group>"; };
		623B69FB2A2FC07700DB1563 /* Image Model.swift */ = {isa = PBXFileReference; lastKnownFileType = sourcecode.swift; path = "Image Model.swift"; sourceTree = "<group>"; };
		C698BE1944EC70A5E3566532 /* Pods_Pix_Flow.framework */ = {isa = PBXFileReference; explicitFileType = wrapper.framework; includeInIndex = 0; path = Pods_Pix_Flow.framework; sourceTree = BUILT_PRODUCTS_DIR; };
		D89BC45A1ED27DB973C48187 /* Pods-Pix Flow.debug.xcconfig */ = {isa = PBXFileReference; includeInIndex = 1; lastKnownFileType = text.xcconfig; name = "Pods-Pix Flow.debug.xcconfig"; path = "Target Support Files/Pods-Pix Flow/Pods-Pix Flow.debug.xcconfig"; sourceTree = "<group>"; };
/* End PBXFileReference section */

/* Begin PBXFrameworksBuildPhase section */
		6213D4642A252FCE00CF0D74 /* Frameworks */ = {
			isa = PBXFrameworksBuildPhase;
			buildActionMask = 2147483647;
			files = (
				18FFB6893FD822C753460C92 /* Pods_Pix_Flow.framework in Frameworks */,
			);
			runOnlyForDeploymentPostprocessing = 0;
		};
/* End PBXFrameworksBuildPhase section */

/* Begin PBXGroup section */
		6213D45E2A252FCE00CF0D74 = {
			isa = PBXGroup;
			children = (
				623B69F92A2E52BA00DB1563 /* README.md */,
				6213D4692A252FCE00CF0D74 /* Pix Flow */,
				6213D4682A252FCE00CF0D74 /* Products */,
				D7FDAF7DA8B0195BCF38DB3F /* Pods */,
				8D0AFFF474091EA6B86A7A7A /* Frameworks */,
			);
			sourceTree = "<group>";
		};
		6213D4682A252FCE00CF0D74 /* Products */ = {
			isa = PBXGroup;
			children = (
				6213D4672A252FCE00CF0D74 /* Pix Flow.app */,
			);
			name = Products;
			sourceTree = "<group>";
		};
		6213D4692A252FCE00CF0D74 /* Pix Flow */ = {
			isa = PBXGroup;
			children = (
				6213D46A2A252FCE00CF0D74 /* AppDelegate.swift */,
				6213D46C2A252FCE00CF0D74 /* SceneDelegate.swift */,
				6213D4812A2535D200CF0D74 /* Model */,
				62343B0E2A25360F009D9E6A /* View */,
				6213D4802A2535C200CF0D74 /* Controller */,
				6213D4732A252FCF00CF0D74 /* Assets.xcassets */,
				6213D4752A252FCF00CF0D74 /* LaunchScreen.storyboard */,
				6213D4782A252FCF00CF0D74 /* Info.plist */,
			);
			path = "Pix Flow";
			sourceTree = "<group>";
		};
		6213D4802A2535C200CF0D74 /* Controller */ = {
			isa = PBXGroup;
			children = (
				6213D46E2A252FCE00CF0D74 /* SearchViewController.swift */,
				62343B112A27DEE2009D9E6A /* ResultsViewController.swift */,
				62343B172A2A7D69009D9E6A /* FullScreenViewController.swift */,
			);
			path = Controller;
			sourceTree = "<group>";
		};
		6213D4812A2535D200CF0D74 /* Model */ = {
			isa = PBXGroup;
			children = (
				6213D47E2A2535BA00CF0D74 /* ImageSearcher.swift */,
				623B69FB2A2FC07700DB1563 /* Image Model.swift */,
				62343B0F2A253D97009D9E6A /* Image Data.swift */,
				62343B132A292E19009D9E6A /* MyCollectionViewCell.swift */,
			);
			path = Model;
			sourceTree = "<group>";
		};
		62343B0E2A25360F009D9E6A /* View */ = {
			isa = PBXGroup;
			children = (
				6213D4702A252FCE00CF0D74 /* Main.storyboard */,
				62343B142A292E19009D9E6A /* MyCollectionViewCell.xib */,
			);
			path = View;
			sourceTree = "<group>";
		};
		8D0AFFF474091EA6B86A7A7A /* Frameworks */ = {
			isa = PBXGroup;
			children = (
				C698BE1944EC70A5E3566532 /* Pods_Pix_Flow.framework */,
			);
			name = Frameworks;
			sourceTree = "<group>";
		};
		D7FDAF7DA8B0195BCF38DB3F /* Pods */ = {
			isa = PBXGroup;
			children = (
				D89BC45A1ED27DB973C48187 /* Pods-Pix Flow.debug.xcconfig */,
				2939C87828BC4C18A5F58341 /* Pods-Pix Flow.release.xcconfig */,
			);
			path = Pods;
			sourceTree = "<group>";
		};
/* End PBXGroup section */

/* Begin PBXNativeTarget section */
		6213D4662A252FCE00CF0D74 /* Pix Flow */ = {
			isa = PBXNativeTarget;
			buildConfigurationList = 6213D47B2A252FCF00CF0D74 /* Build configuration list for PBXNativeTarget "Pix Flow" */;
			buildPhases = (
				B55B4FB464E3AF658A61C338 /* [CP] Check Pods Manifest.lock */,
				6213D4632A252FCE00CF0D74 /* Sources */,
				6213D4642A252FCE00CF0D74 /* Frameworks */,
				6213D4652A252FCE00CF0D74 /* Resources */,
				2D328EAB8010F7D435E57DA6 /* [CP] Embed Pods Frameworks */,
			);
			buildRules = (
			);
			dependencies = (
			);
			name = "Pix Flow";
			productName = "Pix Flow";
			productReference = 6213D4672A252FCE00CF0D74 /* Pix Flow.app */;
			productType = "com.apple.product-type.application";
		};
/* End PBXNativeTarget section */

/* Begin PBXProject section */
		6213D45F2A252FCE00CF0D74 /* Project object */ = {
			isa = PBXProject;
			attributes = {
				BuildIndependentTargetsInParallel = 1;
				LastSwiftUpdateCheck = 1420;
				LastUpgradeCheck = 1420;
				TargetAttributes = {
					6213D4662A252FCE00CF0D74 = {
						CreatedOnToolsVersion = 14.2;
					};
				};
			};
			buildConfigurationList = 6213D4622A252FCE00CF0D74 /* Build configuration list for PBXProject "Pix Flow" */;
			compatibilityVersion = "Xcode 14.0";
			developmentRegion = en;
			hasScannedForEncodings = 0;
			knownRegions = (
				en,
				Base,
			);
			mainGroup = 6213D45E2A252FCE00CF0D74;
			productRefGroup = 6213D4682A252FCE00CF0D74 /* Products */;
			projectDirPath = "";
			projectRoot = "";
			targets = (
				6213D4662A252FCE00CF0D74 /* Pix Flow */,
			);
		};
/* End PBXProject section */

/* Begin PBXResourcesBuildPhase section */
		6213D4652A252FCE00CF0D74 /* Resources */ = {
			isa = PBXResourcesBuildPhase;
			buildActionMask = 2147483647;
			files = (
				6213D4772A252FCF00CF0D74 /* LaunchScreen.storyboard in Resources */,
				6213D4742A252FCF00CF0D74 /* Assets.xcassets in Resources */,
				623B69FA2A2E52BA00DB1563 /* README.md in Resources */,
				62343B162A292E19009D9E6A /* MyCollectionViewCell.xib in Resources */,
				6213D4722A252FCE00CF0D74 /* Main.storyboard in Resources */,
			);
			runOnlyForDeploymentPostprocessing = 0;
		};
/* End PBXResourcesBuildPhase section */

/* Begin PBXShellScriptBuildPhase section */
		2D328EAB8010F7D435E57DA6 /* [CP] Embed Pods Frameworks */ = {
			isa = PBXShellScriptBuildPhase;
			buildActionMask = 2147483647;
			files = (
			);
			inputFileListPaths = (
				"${PODS_ROOT}/Target Support Files/Pods-Pix Flow/Pods-Pix Flow-frameworks-${CONFIGURATION}-input-files.xcfilelist",
			);
			name = "[CP] Embed Pods Frameworks";
			outputFileListPaths = (
				"${PODS_ROOT}/Target Support Files/Pods-Pix Flow/Pods-Pix Flow-frameworks-${CONFIGURATION}-output-files.xcfilelist",
			);
			runOnlyForDeploymentPostprocessing = 0;
			shellPath = /bin/sh;
			shellScript = "\"${PODS_ROOT}/Target Support Files/Pods-Pix Flow/Pods-Pix Flow-frameworks.sh\"\n";
			showEnvVarsInLog = 0;
		};
		B55B4FB464E3AF658A61C338 /* [CP] Check Pods Manifest.lock */ = {
			isa = PBXShellScriptBuildPhase;
			buildActionMask = 2147483647;
			files = (
			);
			inputFileListPaths = (
			);
			inputPaths = (
				"${PODS_PODFILE_DIR_PATH}/Podfile.lock",
				"${PODS_ROOT}/Manifest.lock",
			);
			name = "[CP] Check Pods Manifest.lock";
			outputFileListPaths = (
			);
			outputPaths = (
				"$(DERIVED_FILE_DIR)/Pods-Pix Flow-checkManifestLockResult.txt",
			);
			runOnlyForDeploymentPostprocessing = 0;
			shellPath = /bin/sh;
			shellScript = "diff \"${PODS_PODFILE_DIR_PATH}/Podfile.lock\" \"${PODS_ROOT}/Manifest.lock\" > /dev/null\nif [ $? != 0 ] ; then\n    # print error to STDERR\n    echo \"error: The sandbox is not in sync with the Podfile.lock. Run 'pod install' or update your CocoaPods installation.\" >&2\n    exit 1\nfi\n# This output is used by Xcode 'outputs' to avoid re-running this script phase.\necho \"SUCCESS\" > \"${SCRIPT_OUTPUT_FILE_0}\"\n";
			showEnvVarsInLog = 0;
		};
/* End PBXShellScriptBuildPhase section */

/* Begin PBXSourcesBuildPhase section */
		6213D4632A252FCE00CF0D74 /* Sources */ = {
			isa = PBXSourcesBuildPhase;
			buildActionMask = 2147483647;
			files = (
				62343B122A27DEE2009D9E6A /* ResultsViewController.swift in Sources */,
				62343B152A292E19009D9E6A /* MyCollectionViewCell.swift in Sources */,
				6213D46F2A252FCE00CF0D74 /* SearchViewController.swift in Sources */,
				62343B182A2A7D69009D9E6A /* FullScreenViewController.swift in Sources */,
				6213D46B2A252FCE00CF0D74 /* AppDelegate.swift in Sources */,
				623B69FC2A2FC07700DB1563 /* Image Model.swift in Sources */,
				6213D47F2A2535BA00CF0D74 /* ImageSearcher.swift in Sources */,
				62343B102A253D97009D9E6A /* Image Data.swift in Sources */,
				6213D46D2A252FCE00CF0D74 /* SceneDelegate.swift in Sources */,
			);
			runOnlyForDeploymentPostprocessing = 0;
		};
/* End PBXSourcesBuildPhase section */

/* Begin PBXVariantGroup section */
		6213D4702A252FCE00CF0D74 /* Main.storyboard */ = {
			isa = PBXVariantGroup;
			children = (
				6213D4712A252FCE00CF0D74 /* Base */,
			);
			name = Main.storyboard;
			sourceTree = "<group>";
		};
		6213D4752A252FCF00CF0D74 /* LaunchScreen.storyboard */ = {
			isa = PBXVariantGroup;
			children = (
				6213D4762A252FCF00CF0D74 /* Base */,
			);
			name = LaunchScreen.storyboard;
			sourceTree = "<group>";
		};
/* End PBXVariantGroup section */

/* Begin XCBuildConfiguration section */
		6213D4792A252FCF00CF0D74 /* Debug */ = {
			isa = XCBuildConfiguration;
			buildSettings = {
				ALWAYS_SEARCH_USER_PATHS = NO;
				CLANG_ANALYZER_NONNULL = YES;
				CLANG_ANALYZER_NUMBER_OBJECT_CONVERSION = YES_AGGRESSIVE;
				CLANG_CXX_LANGUAGE_STANDARD = "gnu++20";
				CLANG_ENABLE_MODULES = YES;
				CLANG_ENABLE_OBJC_ARC = YES;
				CLANG_ENABLE_OBJC_WEAK = YES;
				CLANG_WARN_BLOCK_CAPTURE_AUTORELEASING = YES;
				CLANG_WARN_BOOL_CONVERSION = YES;
				CLANG_WARN_COMMA = YES;
				CLANG_WARN_CONSTANT_CONVERSION = YES;
				CLANG_WARN_DEPRECATED_OBJC_IMPLEMENTATIONS = YES;
				CLANG_WARN_DIRECT_OBJC_ISA_USAGE = YES_ERROR;
				CLANG_WARN_DOCUMENTATION_COMMENTS = YES;
				CLANG_WARN_EMPTY_BODY = YES;
				CLANG_WARN_ENUM_CONVERSION = YES;
				CLANG_WARN_INFINITE_RECURSION = YES;
				CLANG_WARN_INT_CONVERSION = YES;
				CLANG_WARN_NON_LITERAL_NULL_CONVERSION = YES;
				CLANG_WARN_OBJC_IMPLICIT_RETAIN_SELF = YES;
				CLANG_WARN_OBJC_LITERAL_CONVERSION = YES;
				CLANG_WARN_OBJC_ROOT_CLASS = YES_ERROR;
				CLANG_WARN_QUOTED_INCLUDE_IN_FRAMEWORK_HEADER = YES;
				CLANG_WARN_RANGE_LOOP_ANALYSIS = YES;
				CLANG_WARN_STRICT_PROTOTYPES = YES;
				CLANG_WARN_SUSPICIOUS_MOVE = YES;
				CLANG_WARN_UNGUARDED_AVAILABILITY = YES_AGGRESSIVE;
				CLANG_WARN_UNREACHABLE_CODE = YES;
				CLANG_WARN__DUPLICATE_METHOD_MATCH = YES;
				CODE_SIGN_IDENTITY = "Apple Development";
				COPY_PHASE_STRIP = NO;
				DEBUG_INFORMATION_FORMAT = dwarf;
				ENABLE_STRICT_OBJC_MSGSEND = YES;
				ENABLE_TESTABILITY = YES;
				GCC_C_LANGUAGE_STANDARD = gnu11;
				GCC_DYNAMIC_NO_PIC = YES;
				GCC_NO_COMMON_BLOCKS = YES;
				GCC_OPTIMIZATION_LEVEL = 0;
				GCC_PREPROCESSOR_DEFINITIONS = (
					"DEBUG=1",
					"$(inherited)",
				);
				GCC_WARN_64_TO_32_BIT_CONVERSION = YES;
				GCC_WARN_ABOUT_RETURN_TYPE = YES_ERROR;
				GCC_WARN_UNDECLARED_SELECTOR = YES;
				GCC_WARN_UNINITIALIZED_AUTOS = YES_AGGRESSIVE;
				GCC_WARN_UNUSED_FUNCTION = YES;
				GCC_WARN_UNUSED_VARIABLE = YES;
				IPHONEOS_DEPLOYMENT_TARGET = 16.2;
				MTL_ENABLE_DEBUG_INFO = INCLUDE_SOURCE;
				MTL_FAST_MATH = YES;
				ONLY_ACTIVE_ARCH = YES;
				SDKROOT = iphoneos;
				SWIFT_ACTIVE_COMPILATION_CONDITIONS = DEBUG;
				SWIFT_OPTIMIZATION_LEVEL = "-Onone";
			};
			name = Debug;
		};
		6213D47A2A252FCF00CF0D74 /* Release */ = {
			isa = XCBuildConfiguration;
			buildSettings = {
				ALWAYS_SEARCH_USER_PATHS = NO;
				CLANG_ANALYZER_NONNULL = YES;
				CLANG_ANALYZER_NUMBER_OBJECT_CONVERSION = YES_AGGRESSIVE;
				CLANG_CXX_LANGUAGE_STANDARD = "gnu++20";
				CLANG_ENABLE_MODULES = YES;
				CLANG_ENABLE_OBJC_ARC = YES;
				CLANG_ENABLE_OBJC_WEAK = YES;
				CLANG_WARN_BLOCK_CAPTURE_AUTORELEASING = YES;
				CLANG_WARN_BOOL_CONVERSION = YES;
				CLANG_WARN_COMMA = YES;
				CLANG_WARN_CONSTANT_CONVERSION = YES;
				CLANG_WARN_DEPRECATED_OBJC_IMPLEMENTATIONS = YES;
				CLANG_WARN_DIRECT_OBJC_ISA_USAGE = YES_ERROR;
				CLANG_WARN_DOCUMENTATION_COMMENTS = YES;
				CLANG_WARN_EMPTY_BODY = YES;
				CLANG_WARN_ENUM_CONVERSION = YES;
				CLANG_WARN_INFINITE_RECURSION = YES;
				CLANG_WARN_INT_CONVERSION = YES;
				CLANG_WARN_NON_LITERAL_NULL_CONVERSION = YES;
				CLANG_WARN_OBJC_IMPLICIT_RETAIN_SELF = YES;
				CLANG_WARN_OBJC_LITERAL_CONVERSION = YES;
				CLANG_WARN_OBJC_ROOT_CLASS = YES_ERROR;
				CLANG_WARN_QUOTED_INCLUDE_IN_FRAMEWORK_HEADER = YES;
				CLANG_WARN_RANGE_LOOP_ANALYSIS = YES;
				CLANG_WARN_STRICT_PROTOTYPES = YES;
				CLANG_WARN_SUSPICIOUS_MOVE = YES;
				CLANG_WARN_UNGUARDED_AVAILABILITY = YES_AGGRESSIVE;
				CLANG_WARN_UNREACHABLE_CODE = YES;
				CLANG_WARN__DUPLICATE_METHOD_MATCH = YES;
				CODE_SIGN_IDENTITY = "Apple Development";
				COPY_PHASE_STRIP = NO;
				DEBUG_INFORMATION_FORMAT = "dwarf-with-dsym";
				ENABLE_NS_ASSERTIONS = NO;
				ENABLE_STRICT_OBJC_MSGSEND = YES;
				GCC_C_LANGUAGE_STANDARD = gnu11;
				GCC_DYNAMIC_NO_PIC = YES;
				GCC_NO_COMMON_BLOCKS = YES;
				GCC_WARN_64_TO_32_BIT_CONVERSION = YES;
				GCC_WARN_ABOUT_RETURN_TYPE = YES_ERROR;
				GCC_WARN_UNDECLARED_SELECTOR = YES;
				GCC_WARN_UNINITIALIZED_AUTOS = YES_AGGRESSIVE;
				GCC_WARN_UNUSED_FUNCTION = YES;
				GCC_WARN_UNUSED_VARIABLE = YES;
				IPHONEOS_DEPLOYMENT_TARGET = 16.2;
				MTL_ENABLE_DEBUG_INFO = NO;
				MTL_FAST_MATH = YES;
				SDKROOT = iphoneos;
				SWIFT_COMPILATION_MODE = wholemodule;
				SWIFT_OPTIMIZATION_LEVEL = "-O";
				VALIDATE_PRODUCT = YES;
			};
			name = Release;
		};
		6213D47C2A252FCF00CF0D74 /* Debug */ = {
			isa = XCBuildConfiguration;
			baseConfigurationReference = D89BC45A1ED27DB973C48187 /* Pods-Pix Flow.debug.xcconfig */;
			buildSettings = {
				ASSETCATALOG_COMPILER_APPICON_NAME = AppIcon;
				ASSETCATALOG_COMPILER_GLOBAL_ACCENT_COLOR_NAME = AccentColor;
				CODE_SIGN_STYLE = Automatic;
				CURRENT_PROJECT_VERSION = 1;
				DEVELOPMENT_TEAM = DTJ5G5B67W;
				GENERATE_INFOPLIST_FILE = YES;
				INFOPLIST_FILE = "Pix Flow/Info.plist";
				INFOPLIST_KEY_NSPhotoLibraryAddUsageDescription = "";
				INFOPLIST_KEY_UIApplicationSupportsIndirectInputEvents = YES;
				INFOPLIST_KEY_UILaunchStoryboardName = LaunchScreen;
				INFOPLIST_KEY_UIMainStoryboardFile = Main;
				INFOPLIST_KEY_UIRequiresFullScreen = YES;
				INFOPLIST_KEY_UISupportedInterfaceOrientations = UIInterfaceOrientationPortrait;
				IPHONEOS_DEPLOYMENT_TARGET = 16.2;
				LD_RUNPATH_SEARCH_PATHS = (
					"$(inherited)",
					"@executable_path/Frameworks",
				);
				MARKETING_VERSION = 1.0;
				PRODUCT_BUNDLE_IDENTIFIER = "com.AndreaBottino.Pix-Flow";
				PRODUCT_NAME = "$(TARGET_NAME)";
				SWIFT_EMIT_LOC_STRINGS = YES;
				SWIFT_VERSION = 5.0;
				TARGETED_DEVICE_FAMILY = "1,2";
			};
			name = Debug;
		};
		6213D47D2A252FCF00CF0D74 /* Release */ = {
			isa = XCBuildConfiguration;
			baseConfigurationReference = 2939C87828BC4C18A5F58341 /* Pods-Pix Flow.release.xcconfig */;
			buildSettings = {
				ASSETCATALOG_COMPILER_APPICON_NAME = AppIcon;
				ASSETCATALOG_COMPILER_GLOBAL_ACCENT_COLOR_NAME = AccentColor;
				CODE_SIGN_STYLE = Automatic;
				CURRENT_PROJECT_VERSION = 1;
				DEVELOPMENT_TEAM = DTJ5G5B67W;
				GENERATE_INFOPLIST_FILE = YES;
				INFOPLIST_FILE = "Pix Flow/Info.plist";
				INFOPLIST_KEY_NSPhotoLibraryAddUsageDescription = "";
				INFOPLIST_KEY_UIApplicationSupportsIndirectInputEvents = YES;
				INFOPLIST_KEY_UILaunchStoryboardName = LaunchScreen;
				INFOPLIST_KEY_UIMainStoryboardFile = Main;
				INFOPLIST_KEY_UIRequiresFullScreen = YES;
				INFOPLIST_KEY_UISupportedInterfaceOrientations = UIInterfaceOrientationPortrait;
				IPHONEOS_DEPLOYMENT_TARGET = 16.2;
				LD_RUNPATH_SEARCH_PATHS = (
					"$(inherited)",
					"@executable_path/Frameworks",
				);
				MARKETING_VERSION = 1.0;
				PRODUCT_BUNDLE_IDENTIFIER = "com.AndreaBottino.Pix-Flow";
				PRODUCT_NAME = "$(TARGET_NAME)";
				SWIFT_EMIT_LOC_STRINGS = YES;
				SWIFT_VERSION = 5.0;
				TARGETED_DEVICE_FAMILY = "1,2";
			};
			name = Release;
		};
/* End XCBuildConfiguration section */

/* Begin XCConfigurationList section */
		6213D4622A252FCE00CF0D74 /* Build configuration list for PBXProject "Pix Flow" */ = {
			isa = XCConfigurationList;
			buildConfigurations = (
				6213D4792A252FCF00CF0D74 /* Debug */,
				6213D47A2A252FCF00CF0D74 /* Release */,
			);
			defaultConfigurationIsVisible = 0;
			defaultConfigurationName = Release;
		};
		6213D47B2A252FCF00CF0D74 /* Build configuration list for PBXNativeTarget "Pix Flow" */ = {
			isa = XCConfigurationList;
			buildConfigurations = (
				6213D47C2A252FCF00CF0D74 /* Debug */,
				6213D47D2A252FCF00CF0D74 /* Release */,
			);
			defaultConfigurationIsVisible = 0;
			defaultConfigurationName = Release;
		};
/* End XCConfigurationList section */
	};
	rootObject = 6213D45F2A252FCE00CF0D74 /* Project object */;
}
